
Microsoft Visual Studio Solution File, Format Version 12.00
# Visual Studio Version 16
VisualStudioVersion = 16.0.30523.141
MinimumVisualStudioVersion = 10.0.40219.1
Project("{FAE04EC0-301F-11D3-BF4B-00C04F79EFBC}") = "Jamie TewTTKit", "Jamie TewTTKit\Jamie TewTTKit.csproj", "{E13B0A08-29A1-49F8-A728-3C5E7FB9C081}"
EndProject
Global
	GlobalSection(SolutionConfigurationPlatforms) = preSolution
		Debug|Any CPU = Debug|Any CPU
		Release|Any CPU = Release|Any CPU
	EndGlobalSection
	GlobalSection(ProjectConfigurationPlatforms) = postSolution
		{E13B0A08-29A1-49F8-A728-3C5E7FB9C081}.Debug|Any CPU.ActiveCfg = Debug|Any CPU
		{E13B0A08-29A1-49F8-A728-3C5E7FB9C081}.Debug|Any CPU.Build.0 = Debug|Any CPU
		{E13B0A08-29A1-49F8-A728-3C5E7FB9C081}.Release|Any CPU.ActiveCfg = Release|Any CPU
		{E13B0A08-29A1-49F8-A728-3C5E7FB9C081}.Release|Any CPU.Build.0 = Release|Any CPU
	EndGlobalSection
	GlobalSection(SolutionProperties) = preSolution
		HideSolutionNode = FALSE
	EndGlobalSection
	GlobalSection(ExtensibilityGlobals) = postSolution
		SolutionGuid = {3DE6FCF4-0AFD-4DF2-BA2E-42B01F602140}
	EndGlobalSection
EndGlobal
